
Microsoft Visual Studio Solution File, Format Version 12.00
# Visual Studio Version 17
VisualStudioVersion = 17.5.33530.505
MinimumVisualStudioVersion = 10.0.40219.1
Project("{FAE04EC0-301F-11D3-BF4B-00C04F79EFBC}") = "ErishaBusiness", "ErishaBusiness\ErishaBusiness.csproj", "{C937EC44-D1BE-43B4-B644-04B6036EB197}"
EndProject
Project("{9A19103F-16F7-4668-BE54-9A1E7A4F7556}") = "ErishaBusiness.Core", "ErishaBusiness.Core\ErishaBusiness.Core.csproj", "{55E440E1-6BC8-47F6-AFEF-7FC21B148720}"
EndProject
Project("{9A19103F-16F7-4668-BE54-9A1E7A4F7556}") = "ErishaBusiness.Data", "ErishaBusiness.Data\ErishaBusiness.Data.csproj", "{3C09CD1F-A043-4DE3-9588-D48BC9AB1FE4}"
EndProject
Project("{9A19103F-16F7-4668-BE54-9A1E7A4F7556}") = "ErishaBusiness.Models", "ErishaBusiness.Models\ErishaBusiness.Models.csproj", "{68304DB4-D0CD-41D4-9325-30FCFAF680B3}"
EndProject
Project("{9A19103F-16F7-4668-BE54-9A1E7A4F7556}") = "ErishaBusiness.Repo", "ErishaBusiness.Repo\ErishaBusiness.Repo.csproj", "{9F8D0494-DB15-44D1-9965-0F1569A1348A}"
EndProject
Project("{9A19103F-16F7-4668-BE54-9A1E7A4F7556}") = "ErishaBusiness.Services", "ErishaBusiness.Services\ErishaBusiness.Services.csproj", "{95825468-C21A-44F6-A43B-2301665847B7}"
EndProject
Global
	GlobalSection(SolutionConfigurationPlatforms) = preSolution
		Debug|Any CPU = Debug|Any CPU
		Release|Any CPU = Release|Any CPU
	EndGlobalSection
	GlobalSection(ProjectConfigurationPlatforms) = postSolution
		{C937EC44-D1BE-43B4-B644-04B6036EB197}.Debug|Any CPU.ActiveCfg = Debug|Any CPU
		{C937EC44-D1BE-43B4-B644-04B6036EB197}.Debug|Any CPU.Build.0 = Debug|Any CPU
		{C937EC44-D1BE-43B4-B644-04B6036EB197}.Release|Any CPU.ActiveCfg = Release|Any CPU
		{C937EC44-D1BE-43B4-B644-04B6036EB197}.Release|Any CPU.Build.0 = Release|Any CPU
		{55E440E1-6BC8-47F6-AFEF-7FC21B148720}.Debug|Any CPU.ActiveCfg = Debug|Any CPU
		{55E440E1-6BC8-47F6-AFEF-7FC21B148720}.Debug|Any CPU.Build.0 = Debug|Any CPU
		{55E440E1-6BC8-47F6-AFEF-7FC21B148720}.Release|Any CPU.ActiveCfg = Release|Any CPU
		{55E440E1-6BC8-47F6-AFEF-7FC21B148720}.Release|Any CPU.Build.0 = Release|Any CPU
		{3C09CD1F-A043-4DE3-9588-D48BC9AB1FE4}.Debug|Any CPU.ActiveCfg = Debug|Any CPU
		{3C09CD1F-A043-4DE3-9588-D48BC9AB1FE4}.Debug|Any CPU.Build.0 = Debug|Any CPU
		{3C09CD1F-A043-4DE3-9588-D48BC9AB1FE4}.Release|Any CPU.ActiveCfg = Release|Any CPU
		{3C09CD1F-A043-4DE3-9588-D48BC9AB1FE4}.Release|Any CPU.Build.0 = Release|Any CPU
		{68304DB4-D0CD-41D4-9325-30FCFAF680B3}.Debug|Any CPU.ActiveCfg = Debug|Any CPU
		{68304DB4-D0CD-41D4-9325-30FCFAF680B3}.Debug|Any CPU.Build.0 = Debug|Any CPU
		{68304DB4-D0CD-41D4-9325-30FCFAF680B3}.Release|Any CPU.ActiveCfg = Release|Any CPU
		{68304DB4-D0CD-41D4-9325-30FCFAF680B3}.Release|Any CPU.Build.0 = Release|Any CPU
		{9F8D0494-DB15-44D1-9965-0F1569A1348A}.Debug|Any CPU.ActiveCfg = Debug|Any CPU
		{9F8D0494-DB15-44D1-9965-0F1569A1348A}.Debug|Any CPU.Build.0 = Debug|Any CPU
		{9F8D0494-DB15-44D1-9965-0F1569A1348A}.Release|Any CPU.ActiveCfg = Release|Any CPU
		{9F8D0494-DB15-44D1-9965-0F1569A1348A}.Release|Any CPU.Build.0 = Release|Any CPU
		{95825468-C21A-44F6-A43B-2301665847B7}.Debug|Any CPU.ActiveCfg = Debug|Any CPU
		{95825468-C21A-44F6-A43B-2301665847B7}.Debug|Any CPU.Build.0 = Debug|Any CPU
		{95825468-C21A-44F6-A43B-2301665847B7}.Release|Any CPU.ActiveCfg = Release|Any CPU
		{95825468-C21A-44F6-A43B-2301665847B7}.Release|Any CPU.Build.0 = Release|Any CPU
	EndGlobalSection
	GlobalSection(SolutionProperties) = preSolution
		HideSolutionNode = FALSE
	EndGlobalSection
	GlobalSection(ExtensibilityGlobals) = postSolution
		SolutionGuid = {79117E5C-8E55-47D6-9104-75D9F80BB5A9}
	EndGlobalSection
EndGlobal
