
Microsoft Visual Studio Solution File, Format Version 12.00
# Visual Studio Version 16
VisualStudioVersion = 16.0.30717.126
MinimumVisualStudioVersion = 10.0.40219.1
Project("{9A19103F-16F7-4668-BE54-9A1E7A4F7556}") = "Erisha.Data", "Erisha.Data.csproj", "{C20036DF-C8A7-469A-9CD2-AC30F4862478}"
EndProject
Global
	GlobalSection(SolutionConfigurationPlatforms) = preSolution
		Debug|Any CPU = Debug|Any CPU
		Release|Any CPU = Release|Any CPU
	EndGlobalSection
	GlobalSection(ProjectConfigurationPlatforms) = postSolution
		{C20036DF-C8A7-469A-9CD2-AC30F4862478}.Debug|Any CPU.ActiveCfg = Debug|Any CPU
		{C20036DF-C8A7-469A-9CD2-AC30F4862478}.Debug|Any CPU.Build.0 = Debug|Any CPU
		{C20036DF-C8A7-469A-9CD2-AC30F4862478}.Release|Any CPU.ActiveCfg = Release|Any CPU
		{C20036DF-C8A7-469A-9CD2-AC30F4862478}.Release|Any CPU.Build.0 = Release|Any CPU
	EndGlobalSection
	GlobalSection(SolutionProperties) = preSolution
		HideSolutionNode = FALSE
	EndGlobalSection
	GlobalSection(ExtensibilityGlobals) = postSolution
		SolutionGuid = {95B83CC0-0D7A-4269-93B1-2CEE0308342B}
	EndGlobalSection
EndGlobal
